# THIS IS AN AUTOGENERATED FILE. DO NOT EDIT THIS FILE DIRECTLY.
# yarn lockfile v1


"@napi-rs/cli@2.0.0":
  version "2.0.0"
  resolved "https://registry.yarnpkg.com/@napi-rs/cli/-/cli-2.0.0.tgz#cf237de31548f68ad7d173279293bf24a70e5f83"
  integrity sha512-2R24dtZoPYb9TxIQJbhUSloSVK4HGfa6CVn5JgUeO9WTvZecC5i8WaFm2CC7GWbYmDlPu2AnULwaSr+AP7r1RQ==
